c2sp.org/CCTV/age v0.0.0-20250126162742-ac53b9fb362b h1:b7BJrnM2ekui7+R/7Uiza3OuYN5O7qlEJ2TdCIgbElg=
c2sp.org/CCTV/age v0.0.0-20250126162742-ac53b9fb362b/go.mod h1:SrHC2C7r5GkDk8R+NFVzYy/sdj0Ypg9htaPXQq5Cqeo=
dario.cat/mergo v1.0.2 h1:85+piFYR1tMbRrLcDwR18y4UKJ3aH1Tbzi24VRW1TK8=
dario.cat/mergo v1.0.2/go.mod h1:E/hbnu0NxMFBjpMIE34DRGLWqDy0g5FuKDhCb31ngxA=
filippo.io/age v1.2.1 h1:X0TZjehAZylOIj4DubWYU1vWQxv9bJpo+Uu2/LGhi1o=
filippo.io/age v1.2.1/go.mod h1:JL9ew2lTN+Pyft4RiNGguFfOpewKwSHm5ayKD/A4004=
filippo.io/edwards25519 v1.1.0 h1:FNf4tywRC1HmFuKW5xopWpigGjJKiJSV0Cqo0cJWDaA=
filippo.io/edwards25519 v1.1.0/go.mod h1:BxyFTGdWcka3PhytdK4V28tE5sGfRvvvRV7EaN4VDT4=
fyne.io/fyne/v2 v2.6.1 h1:kjPJD4/rBS9m2nHJp+npPSuaK79yj6ObMTuzR6VQ1Is=
fyne.io/fyne/v2 v2.6.1/go.mod h1:YZt7SksjvrSNJCwbWFV32WON3mE1Sr7L41D29qMZ/lU=
fyne.io/systray v1.11.0 h1:D9HISlxSkx+jHSniMBR6fCFOUjk1x/OOOJLa9lJYAKg=
fyne.io/systray v1.11.0/go.mod h1:RVwqP9nYMo7h5zViCBHri2FgjXF7H2cub7MAq4NSoLs=
github.com/BurntSushi/toml v1.4.0 h1:kuoIxZQy2WRRk1pttg9asf+WVv6tWQuBNVmK8+nqPr0=
github.com/BurntSushi/toml v1.4.0/go.mod h1:ukJfTF/6rtPPRCnwkur4qwRxa8vTRFBF0uk2lLoLwho=
github.com/JohannesKaufmann/dom v0.2.0 h1:1bragmEb19K8lHAqgFgqCpiPCFEZMTXzOIEjuxkUfLQ=
github.com/JohannesKaufmann/dom v0.2.0/go.mod h1:57iSUl5RKric4bUkgos4zu6Xt5LMHUnw3TF1l5CbGZo=
github.com/JohannesKaufmann/html-to-markdown/v2 v2.3.3 h1:r3fokGFRDk/8pHmwLwJ8zsX4qiqfS1/1TZm2BH8ueY8=
github.com/Microsoft/go-winio v0.6.2 h1:F2VQgta7ecxGYO8k3ZZz3RS8fVIXVxONVUPlNERoyfY=
github.com/Microsoft/go-winio v0.6.2/go.mod h1:yd8OoFMLzJbo9gZq8j5qaps8bJ9aShtEA8Ipt1oGCvU=
github.com/ProtonMail/go-crypto v1.3.0 h1:ILq8+Sf5If5DCpHQp4PbZdS1J7HDFRXz/+xKBiRGFrw=
github.com/ProtonMail/go-crypto v1.3.0/go.mod h1:9whxjD8Rbs29b4XWbB8irEcE8KHMqaR2e7GWU1R+/PE=
github.com/RoaringBitmap/roaring/v2 v2.8.0 h1:y1rdtixfXvaITKzkfiKvScI0hlBJHe9sfzJp8cgeM7w=
github.com/anmitsu/go-shlex v0.0.0-20200514113438-38f4b401e2be h1:9AeTilPcZAjCFIImctFaOjnTIavg87rW78vTPkQqLI8=
github.com/anmitsu/go-shlex v0.0.0-20200514113438-38f4b401e2be/go.mod h1:ySMOLuWl6zY27l47sB3qLNK6tF2fkHG55UZxx8oIVo4=
github.com/armon/go-socks5 v0.0.0-20160902184237-e75332964ef5 h1:0CwZNZbxp69SHPdPJAN/hZIm0C4OItdklCFmMRWYpio=
github.com/armon/go-socks5 v0.0.0-20160902184237-e75332964ef5/go.mod h1:wHh0iHkYZB8zMSxRWpUBQtwG5a7fFgvEO+odwuTv2gs=
github.com/atotto/clipboard v0.1.4 h1:EH0zSVneZPSuFR11BlR9YppQTVDbh5+16AmcJi4g1z4=
github.com/atotto/clipboard v0.1.4/go.mod h1:ZY9tmq7sm5xIbd9bOK4onWV4S6X0u6GY7Vn0Yu86PYI=
github.com/aws/aws-sdk-go-v2 v1.36.6 h1:zJqGjVbRdTPojeCGWn5IR5pbJwSQSBh5RWFTQcEQGdU=
github.com/aws/aws-sdk-go-v2/aws/protocol/eventstream v1.6.11 h1:12SpdwU8Djs+YGklkinSSlcrPyj3H4VifVsKf78KbwA=
github.com/aws/aws-sdk-go-v2/config v1.29.18 h1:x4T1GRPnqKV8HMJOMtNktbpQMl3bIsfx8KbqmveUO2I=
github.com/aws/aws-sdk-go-v2/credentials v1.17.71 h1:r2w4mQWnrTMJjOyIsZtGp3R3XGY3nqHn8C26C2lQWgA=
github.com/aws/aws-sdk-go-v2/feature/ec2/imds v1.16.33 h1:D9ixiWSG4lyUBL2DDNK924Px9V/NBVpML90MHqyTADY=
github.com/aws/aws-sdk-go-v2/internal/configsources v1.3.37 h1:osMWfm/sC/L4tvEdQ65Gri5ZZDCUpuYJZbTTDrsn4I0=
github.com/aws/aws-sdk-go-v2/internal/endpoints/v2 v2.6.37 h1:v+X21AvTb2wZ+ycg1gx+orkB/9U6L7AOp93R7qYxsxM=
github.com/aws/aws-sdk-go-v2/internal/ini v1.8.3 h1:bIqFDwgGXXN1Kpp99pDOdKMTTb5d2KyU5X/BZxjOkRo=
github.com/aws/aws-sdk-go-v2/internal/ini v1.8.3/go.mod h1:H5O/EsxDWyU+LP/V8i5sm8cxoZgc2fdNR9bxlOFrQTo=
github.com/aws/aws-sdk-go-v2/internal/v4a v1.3.37 h1:XTZZ0I3SZUHAtBLBU6395ad+VOblE0DwQP6MuaNeics=
github.com/aws/aws-sdk-go-v2/service/internal/accept-encoding v1.12.4 h1:CXV68E2dNqhuynZJPB80bhPQwAKqBWVer887figW6Jc=
github.com/aws/aws-sdk-go-v2/service/internal/checksum v1.7.5 h1:M5/B8JUaCI8+9QD+u3S/f4YHpvqE9RpSkV3rf0Iks2w=
github.com/aws/aws-sdk-go-v2/service/internal/presigned-url v1.12.18 h1:vvbXsA2TVO80/KT7ZqCbx934dt6PY+vQ8hZpUZ/cpYg=
github.com/aws/aws-sdk-go-v2/service/internal/s3shared v1.18.18 h1:OS2e0SKqsU2LiJPqL8u9x41tKc6MMEHrWjLVLn3oysg=
github.com/aws/aws-sdk-go-v2/service/s3 v1.84.1 h1:RkHXU9jP0DptGy7qKI8CBGsUJruWz0v5IgwBa2DwWcU=
github.com/aws/aws-sdk-go-v2/service/ses v1.30.6 h1:ngVNvZe4nLXgEuClBS8zqoNJdLdwjWgSPS06fZM2fq4=
github.com/aws/aws-sdk-go-v2/service/sso v1.25.6 h1:rGtWqkQbPk7Bkwuv3NzpE/scwwL9sC1Ul3tn9x83DUI=
github.com/aws/aws-sdk-go-v2/service/ssooidc v1.30.4 h1:OV/pxyXh+eMA0TExHEC4jyWdumLxNbzz1P0zJoezkJc=
github.com/aws/aws-sdk-go-v2/service/sts v1.34.1 h1:aUrLQwJfZtwv3/ZNG2xRtEen+NqI3iesuacjP51Mv1s=
github.com/aws/smithy-go v1.22.4 h1:uqXzVZNuNexwc/xrh6Tb56u89WDlJY6HS+KC0S4QSjw=
github.com/beorn7/perks v1.0.1 h1:VlbKKnNfV8bJzeqoa4cOKqO6bYr3WgKZxO8Z16+hsOM=
github.com/beorn7/perks v1.0.1/go.mod h1:G2ZrVWU2WbWT9wwq4/hrbKbnv/1ERSJQ0ibhJ6rlkpw=
github.com/bitfield/script v0.24.1 h1:D4ZWu72qWL/at0rXFF+9xgs17VwyrpT6PkkBTdEz9xU=
github.com/bitfield/script v0.24.1/go.mod h1:fv+6x4OzVsRs6qAlc7wiGq8fq1b5orhtQdtW0dwjUHI=
github.com/bits-and-blooms/bitset v1.12.0/go.mod h1:7hO7Gc7Pp1vODcmWvKMRA9BNmbv6a/7QIWpPxHddWR8=
github.com/bits-and-blooms/bitset v1.22.0 h1:Tquv9S8+SGaS3EhyA+up3FXzmkhxPGjQQCkcs2uw7w4=
github.com/bits-and-blooms/bitset v1.22.0/go.mod h1:7hO7Gc7Pp1vODcmWvKMRA9BNmbv6a/7QIWpPxHddWR8=
github.com/blevesearch/bleve/v2 v2.5.2 h1:Ab0r0MODV2C5A6BEL87GqLBySqp/s9xFgceCju6BQk8=
github.com/blevesearch/bleve_index_api v1.2.8 h1:Y98Pu5/MdlkRyLM0qDHostYo7i+Vv1cDNhqTeR4Sy6Y=
github.com/blevesearch/bleve_index_api v1.2.8/go.mod h1:rKQDl4u51uwafZxFrPD1R7xFOwKnzZW7s/LSeK4lgo0=
github.com/blevesearch/geo v0.2.3 h1:K9/vbGI9ehlXdxjxDRJtoAMt7zGAsMIzc6n8zWcwnhg=
github.com/blevesearch/go-faiss v1.0.25 h1:lel1rkOUGbT1CJ0YgzKwC7k+XH0XVBHnCVWahdCXk4U=
github.com/blevesearch/go-faiss v1.0.25/go.mod h1:OMGQwOaRRYxrmeNdMrXJPvVx8gBnvE5RYrr0BahNnkk=
github.com/blevesearch/go-porterstemmer v1.0.3 h1:GtmsqID0aZdCSNiY8SkuPJ12pD4jI+DdXTAn4YRcHCo=
github.com/blevesearch/go-porterstemmer v1.0.3/go.mod h1:angGc5Ht+k2xhJdZi511LtmxuEf0OVpvUUNrwmM1P7M=
github.com/blevesearch/gtreap v0.1.1 h1:2JWigFrzDMR+42WGIN/V2p0cUvn4UP3C4Q5nmaZGW8Y=
github.com/blevesearch/gtreap v0.1.1/go.mod h1:QaQyDRAT51sotthUWAH4Sj08awFSSWzgYICSZ3w0tYk=
github.com/blevesearch/mmap-go v1.0.4 h1:OVhDhT5B/M1HNPpYPBKIEJaD0F3Si+CrEKULGCDPWmc=
github.com/blevesearch/mmap-go v1.0.4/go.mod h1:EWmEAOmdAS9z/pi/+Toxu99DnsbhG1TIxUoRmJw/pSs=
github.com/blevesearch/scorch_segment_api/v2 v2.3.10 h1:Yqk0XD1mE0fDZAJXTjawJ8If/85JxnLd8v5vG/jWE/s=
github.com/blevesearch/segment v0.9.1 h1:+dThDy+Lvgj5JMxhmOVlgFfkUtZV2kw49xax4+jTfSU=
github.com/blevesearch/segment v0.9.1/go.mod h1:zN21iLm7+GnBHWTao9I+Au/7MBiL8pPFtJBJTsk6kQw=
github.com/blevesearch/snowballstem v0.9.0 h1:lMQ189YspGP6sXvZQ4WZ+MLawfV8wOmPoD/iWeNXm8s=
github.com/blevesearch/snowballstem v0.9.0/go.mod h1:PivSj3JMc8WuaFkTSRDW2SlrulNWPl4ABg1tC/hlgLs=
github.com/blevesearch/upsidedown_store_api v1.0.2 h1:U53Q6YoWEARVLd1OYNc9kvhBMGZzVrdmaozG2MfoB+A=
github.com/blevesearch/upsidedown_store_api v1.0.2/go.mod h1:M01mh3Gpfy56Ps/UXHjEO/knbqyQ1Oamg8If49gRwrQ=
github.com/blevesearch/vellum v1.1.0 h1:CinkGyIsgVlYf8Y2LUQHvdelgXr6PYuvoDIajq6yR9w=
github.com/blevesearch/vellum v1.1.0/go.mod h1:QgwWryE8ThtNPxtgWJof5ndPfx0/YMBh+W2weHKPw8Y=
github.com/blevesearch/zapx/v11 v11.4.2 h1:l46SV+b0gFN+Rw3wUI1YdMWdSAVhskYuvxlcgpQFljs=
github.com/blevesearch/zapx/v12 v12.4.2 h1:fzRbhllQmEMUuAQ7zBuMvKRlcPA5ESTgWlDEoB9uQNE=
github.com/blevesearch/zapx/v13 v13.4.2 h1:46PIZCO/ZuKZYgxI8Y7lOJqX3Irkc3N8W82QTK3MVks=
github.com/blevesearch/zapx/v14 v14.4.2 h1:2SGHakVKd+TrtEqpfeq8X+So5PShQ5nW6GNxT7fWYz0=
github.com/blevesearch/zapx/v15 v15.4.2 h1:sWxpDE0QQOTjyxYbAVjt3+0ieu8NCE0fDRaFxEsp31k=
github.com/blevesearch/zapx/v16 v16.2.4 h1:tGgfvleXTAkwsD5mEzgM3zCS/7pgocTCnO1oyAUjlww=
github.com/bmizerany/assert v0.0.0-20160611221934-b7ed37b82869 h1:DDGfHa7BWjL4YnC6+E63dPcxHo2sUxDIu8g3QgEJdRY=
github.com/bmizerany/assert v0.0.0-20160611221934-b7ed37b82869/go.mod h1:Ekp36dRnpXw/yCqJaO+ZrUyxD+3VXMFFr56k5XYrpB4=
github.com/cespare/xxhash/v2 v2.3.0 h1:UL815xU9SqsFlibzuggzjXhog7bL6oX9BbNZnL2UFvs=
github.com/cloudflare/circl v1.6.1 h1:zqIqSPIndyBh1bjLVVDHMPpVKqp8Su/V+6MeDzzQBQ0=
github.com/cloudflare/circl v1.6.1/go.mod h1:uddAzsPgqdMAYatqJ0lsjX1oECcQLIlRpzZh3pJrofs=
github.com/cyphar/filepath-securejoin v0.4.1 h1:JyxxyPEaktOD+GAnqIqTf9A8tHyAG22rowi7HkoSU1s=
github.com/cyphar/filepath-securejoin v0.4.1/go.mod h1:Sdj7gXlvMcPZsbhwhQ33GguGLDGQL7h7bg04C/+u9jI=
github.com/davecgh/go-spew v1.1.0/go.mod h1:J7Y8YcW2NihsgmVo/mv3lAwl/skON4iLHjSsI+c5H38=
github.com/davecgh/go-spew v1.1.1 h1:vj9j/u1bqnvCEfJOwUhtlOARqs3+rkHYY13jYWTU97c=
github.com/davecgh/go-spew v1.1.1/go.mod h1:J7Y8YcW2NihsgmVo/mv3lAwl/skON4iLHjSsI+c5H38=
github.com/drewlanenga/govector v0.0.0-20220726163947-b958ac08bc93 h1:2VXZHsypUG1HaQcj/+nQc5TbZ4qZ5FSl7KN4s1BjFQY=
github.com/drewlanenga/govector v0.0.0-20220726163947-b958ac08bc93/go.mod h1:AbP/uRrjZFATEwl0P2DHePteIMZRWHEJBWBmMmLdCkk=
github.com/dustin/go-humanize v1.0.1 h1:GzkhY7T5VNhEkwH0PVJgjz+fX1rhBrR7pRT3mDkpeCY=
github.com/dustin/go-humanize v1.0.1/go.mod h1:Mu1zIs6XwVuF/gI1OepvI0qD18qycQx+mFykh5fBlto=
github.com/elastic/go-seccomp-bpf v1.6.0 h1:NYduiYxRJ0ZkIyQVwlSskcqPPSg6ynu5pK0/d7SQATs=
github.com/elazarl/goproxy v1.7.2 h1:Y2o6urb7Eule09PjlhQRGNsqRfPmYI3KKQLFpCAV3+o=
github.com/elazarl/goproxy v1.7.2/go.mod h1:82vkLNir0ALaW14Rc399OTTjyNREgmdL2cVoIbS6XaE=
github.com/emirpasic/gods v1.18.1 h1:FXtiHYKDGKCW2KzwZKx0iC0PQmdlorYgdFG9jPXJ1Bc=
github.com/emirpasic/gods v1.18.1/go.mod h1:8tpGGwCnJ5H4r6BWwaV6OrWmMoPhUl5jm/FMNAnJvWQ=
github.com/felixge/fgprof v0.9.3 h1:VvyZxILNuCiUCSXtPtYmmtGvb65nqXh2QFWc0Wpf2/g=
github.com/felixge/fgprof v0.9.3/go.mod h1:RdbpDgzqYVh/T9fPELJyV7EYJuHB55UTEULNun8eiPw=
github.com/fredbi/uri v1.1.0 h1:OqLpTXtyRg9ABReqvDGdJPqZUxs8cyBDOMXBbskCaB8=
github.com/fredbi/uri v1.1.0/go.mod h1:aYTUoAXBOq7BLfVJ8GnKmfcuURosB1xyHDIfWeC/iW4=
github.com/fsnotify/fsnotify v1.9.0 h1:2Ml+OJNzbYCTzsxtv8vKSFD9PbJjmhYF14k/jKC7S9k=
github.com/fsnotify/fsnotify v1.9.0/go.mod h1:8jBTzvmWwFyi3Pb8djgCCO5IBqzKJ/Jwo8TRcHyHii0=
github.com/fxtlabs/primes v0.0.0-20150821004651-dad82d10a449 h1:HOYnhuVrhAVGKdg3rZapII640so7QfXQmkLkefUN/uM=
github.com/fxtlabs/primes v0.0.0-20150821004651-dad82d10a449/go.mod h1:i+vbdOOivRRh2j+WwBkjZXloGN/+KAqfKDwNfUJeugc=
github.com/fyne-io/gl-js v0.1.0 h1:8luJzNs0ntEAJo+8x8kfUOXujUlP8gB3QMOxO2mUdpM=
github.com/fyne-io/gl-js v0.1.0/go.mod h1:ZcepK8vmOYLu96JoxbCKJy2ybr+g1pTnaBDdl7c3ajI=
github.com/fyne-io/glfw-js v0.2.0 h1:8GUZtN2aCoTPNqgRDxK5+kn9OURINhBEBc7M4O1KrmM=
github.com/fyne-io/glfw-js v0.2.0/go.mod h1:Ri6te7rdZtBgBpxLW19uBpp3Dl6K9K/bRaYdJ22G8Jk=
github.com/fyne-io/image v0.1.1 h1:WH0z4H7qfvNUw5l4p3bC1q70sa5+YWVt6HCj7y4VNyA=
github.com/fyne-io/image v0.1.1/go.mod h1:xrfYBh6yspc+KjkgdZU/ifUC9sPA5Iv7WYUBzQKK7JM=
github.com/fyne-io/oksvg v0.1.0 h1:7EUKk3HV3Y2E+qypp3nWqMXD7mum0hCw2KEGhI1fnBw=
github.com/fyne-io/oksvg v0.1.0/go.mod h1:dJ9oEkPiWhnTFNCmRgEze+YNprJF7YRbpjgpWS4kzoI=
github.com/gdamore/encoding v1.0.1 h1:YzKZckdBL6jVt2Gc+5p82qhrGiqMdG/eNs6Wy0u3Uhw=
github.com/gdamore/encoding v1.0.1/go.mod h1:0Z0cMFinngz9kS1QfMjCP8TY7em3bZYeeklsSDPivEo=
github.com/gdamore/tcell/v2 v2.8.1 h1:KPNxyqclpWpWQlPLx6Xui1pMk8S+7+R37h3g07997NU=
github.com/gdamore/tcell/v2 v2.8.1/go.mod h1:bj8ori1BG3OYMjmb3IklZVWfZUJ1UBQt9JXrOCOhGWw=
github.com/glebarez/go-sqlite v1.22.0 h1:uAcMJhaA6r3LHMTFgP0SifzgXg46yJkgxqyuyec+ruQ=
github.com/glebarez/sqlite v1.11.0 h1:wSG0irqzP6VurnMEpFGer5Li19RpIRi2qvQz++w0GMw=
github.com/glebarez/sqlite v1.11.0/go.mod h1:h8/o8j5wiAsqSPoWELDUdJXhjAhsVliSn7bWZjOhrgQ=
github.com/gliderlabs/ssh v0.3.8 h1:a4YXD1V7xMF9g5nTkdfnja3Sxy1PVDCj1Zg4Wb8vY6c=
github.com/gliderlabs/ssh v0.3.8/go.mod h1:xYoytBv1sV0aL3CavoDuJIQNURXkkfPA/wxQ1pL1fAU=
github.com/go-git/gcfg/v2 v2.0.2 h1:MY5SIIfTGGEMhdA7d7JePuVVxtKL7Hp+ApGDJAJ7dpo=
github.com/go-git/gcfg/v2 v2.0.2/go.mod h1:/lv2NsxvhepuMrldsFilrgct6pxzpGdSRC13ydTLSLs=
github.com/go-git/go-billy/v6 v6.0.0-20250711053805-c1f149aaab07 h1:bCRyoFc25vETmjqzMCnrWMjYFWsHkOi9FcnkOZD5D6w=
github.com/go-git/go-git-fixtures/v5 v5.1.0 h1:b8cWxDLTk0s09Ihm9x1HvNGUzxUVlRwIH7EAM0gGDKg=
github.com/go-git/go-git-fixtures/v5 v5.1.0/go.mod h1:CdmU0oQeDuy4Xh8V0i9Ym+vsTkgDDPKEiofBFEVT+aE=
github.com/go-git/go-git/v6 v6.0.0-20250722095407-db22bf1ac608 h1:GX+Xn1FCRCg4Gh81v6coXFOvW3pB1K7KiEl3LKb1p7k=
github.com/go-gl/gl v0.0.0-20231021071112-07e5d0ea2e71 h1:5BVwOaUSBTlVZowGO6VZGw2H/zl9nrd3eCZfYV+NfQA=
github.com/go-gl/gl v0.0.0-20231021071112-07e5d0ea2e71/go.mod h1:9YTyiznxEY1fVinfM7RvRcjRHbw2xLBJ3AAGIT0I4Nw=
github.com/go-gl/glfw/v3.3/glfw v0.0.0-20240506104042-037f3cc74f2a h1:vxnBhFDDT+xzxf1jTJKMKZw3H0swfWk9RpWbBbDK5+0=
github.com/go-gl/glfw/v3.3/glfw v0.0.0-20240506104042-037f3cc74f2a/go.mod h1:tQ2UAYgL5IevRw8kRxooKSPJfGvJ9fJQFa0TUsXzTg8=
github.com/go-gomail/gomail v0.0.0-20160411212932-81ebce5c23df h1:Bao6dhmbTA1KFVxmJ6nBoMuOJit2yjEgLJpIMYpop0E=
github.com/go-gomail/gomail v0.0.0-20160411212932-81ebce5c23df/go.mod h1:GJr+FCSXshIwgHBtLglIg9M2l2kQSi6QjVAngtzI08Y=
github.com/go-ole/go-ole v1.2.6/go.mod h1:pprOEPIfldk/42T2oK7lQ4v4JSDwmV0As9GaiUsvbm0=
github.com/go-ole/go-ole v1.3.0 h1:Dt6ye7+vXGIKZ7Xtk4s6/xVdGDQynvom7xCFEdWr6uE=
github.com/go-quicktest/qt v1.101.0 h1:O1K29Txy5P2OK0dGo59b7b0LR6wKfIhttaAhHUyn7eI=
github.com/go-sql-driver/mysql v1.9.3 h1:U/N249h2WzJ3Ukj8SowVFjdtZKfu9vlLZxjPXV1aweo=
github.com/go-telegram-bot-api/telegram-bot-api v4.6.4+incompatible h1:2cauKuaELYAEARXRkq2LrJ0yDDv1rW7+wrTEdVL3uaU=
github.com/go-telegram-bot-api/telegram-bot-api v4.6.4+incompatible/go.mod h1:qf9acutJ8cwBUhm1bqgz6Bei9/C/c93FPDljKWwsOgM=
github.com/go-text/render v0.2.0 h1:LBYoTmp5jYiJ4NPqDc2pz17MLmA3wHw1dZSVGcOdeAc=
github.com/go-text/render v0.2.0/go.mod h1:CkiqfukRGKJA5vZZISkjSYrcdtgKQWRa2HIzvwNN5SU=
github.com/go-text/typesetting v0.3.0 h1:OWCgYpp8njoxSRpwrdd1bQOxdjOXDj9Rqart9ML4iF4=
github.com/go-text/typesetting-utils v0.0.0-20241103174707-87a29e9e6066 h1:qCuYC+94v2xrb1PoS4NIDe7DGYtLnU2wWiQe9a1B1c0=
github.com/go-text/typesetting-utils v0.0.0-20241103174707-87a29e9e6066/go.mod h1:DDxDdQEnB70R8owOx3LVpEFvpMK9eeH1o2r0yZhFI9o=
github.com/gobwas/httphead v0.1.0 h1:exrUm0f4YX0L7EBwZHuCF4GDp8aJfVeBrlLQrs6NqWU=
github.com/gobwas/httphead v0.1.0/go.mod h1:O/RXo79gxV8G+RqlR/otEwx4Q36zl9rqC5u12GKvMCM=
github.com/gobwas/pool v0.2.1 h1:xfeeEhW7pwmX8nuLVlqbzVc7udMDrwetjEv+TZIz1og=
github.com/gobwas/pool v0.2.1/go.mod h1:q8bcK0KcYlCgd9e7WYLm9LpyS+YeLd8JVDW6WezmKEw=
github.com/gobwas/ws v1.4.0 h1:CTaoG1tojrh4ucGPcoJFiAQUAsEWekEWvLy7GsVNqGs=
github.com/gobwas/ws v1.4.0/go.mod h1:G3gNqMNtPppf5XUz7O4shetPpcZ1VJ7zt18dlUeakrc=
github.com/godbus/dbus/v5 v5.1.0 h1:4KLkAxT3aOY8Li4FRJe/KvhoNFFxo0m6fNuFUO8QJUk=
github.com/godbus/dbus/v5 v5.1.0/go.mod h1:xhWf0FNVPg57R7Z0UbKHbJfkEywrmjJnf7w5xrFpKfA=
github.com/golang/groupcache v0.0.0-20241129210726-2c02b8208cf8 h1:f+oWsMOmNPc8JmEHVZIycC7hBoQxHH9pNKQORJNozsQ=
github.com/golang/groupcache v0.0.0-20241129210726-2c02b8208cf8/go.mod h1:wcDNUvekVysuuOpQKo3191zZyTpiI6se1N1ULghS0sw=
github.com/golang/protobuf v1.5.4 h1:i7eJL8qZTpSEXOPTxNKhASYpMn+8e5Q6AdndVa1dWek=
github.com/golang/protobuf v1.5.4/go.mod h1:lnTiLA8Wa4RWRcIUkrtSVa5nRhsEGBg48fD6rSs7xps=
github.com/golang/snappy v1.0.0 h1:Oy607GVXHs7RtbggtPBnr2RmDArIsAefDwvrdWvRhGs=
github.com/google/go-cmp v0.6.0/go.mod h1:17dUlkBOakJ0+DkrSSNjCkIjxS6bF9zb3elmeNGIjoY=
github.com/google/go-cmp v0.7.0 h1:wk8382ETsv4JYUZwIsn6YpYiWiBsYLSJiTsyBybVuN8=
github.com/google/gofuzz v1.0.0/go.mod h1:dBl0BpW6vV/+mYPU4Po3pmUjxk6FQPldtuIdl/M65Eg=
github.com/google/gofuzz v1.2.0 h1:xRy4A+RhZaiKjJ1bPfwQ8sedCA+YS2YcCHW6ec7JMi0=
github.com/google/gofuzz v1.2.0/go.mod h1:dBl0BpW6vV/+mYPU4Po3pmUjxk6FQPldtuIdl/M65Eg=
github.com/google/pprof v0.0.0-20250317173921-a4b03ec1a45e h1:ijClszYn+mADRFY17kjQEVQ1XRhq2/JR1M3sGqeJoxs=
github.com/google/uuid v1.6.0 h1:NIvaJDMOsjHA8n1jAhLSgzrAzy1Hgr+hNrb57e+94F0=
github.com/google/uuid v1.6.0/go.mod h1:TIyPZe4MgqvfeYDBFedMoGGpEw/LqOeaOT+nhxU+yHo=
github.com/gorilla/securecookie v1.1.2 h1:YCIWL56dvtr73r6715mJs5ZvhtnY73hBvEF8kXD8ePA=
github.com/gorilla/securecookie v1.1.2/go.mod h1:NfCASbcHqRSY+3a8tlWJwsQap2VX5pwzwo4h3eOamfo=
github.com/gorilla/sessions v1.4.0 h1:kpIYOp/oi6MG/p5PgxApU8srsSw9tuFbt46Lt7auzqQ=
github.com/gorilla/sessions v1.4.0/go.mod h1:FLWm50oby91+hl7p/wRxDth9bWSuk0qVL2emc7lT5ik=
github.com/hack-pad/go-indexeddb v0.3.2 h1:DTqeJJYc1usa45Q5r52t01KhvlSN02+Oq+tQbSBI91A=
github.com/hack-pad/go-indexeddb v0.3.2/go.mod h1:QvfTevpDVlkfomY498LhstjwbPW6QC4VC/lxYb0Kom0=
github.com/hack-pad/safejs v0.1.0 h1:qPS6vjreAqh2amUqj4WNG1zIw7qlRQJ9K10eDKMCnE8=
github.com/hack-pad/safejs v0.1.0/go.mod h1:HdS+bKF1NrE72VoXZeWzxFOVQVUSqZJAG0xNCnb+Tio=
github.com/hashicorp/errwrap v1.0.0/go.mod h1:YH+1FKiLXxHSkmPseP+kNlulaMuP3n2brvKWEqk/Jc4=
github.com/hashicorp/errwrap v1.1.0 h1:OxrOeh75EUXMY8TBjag2fzXGZ40LB6IKw45YeGUDY2I=
github.com/hashicorp/go-multierror v1.1.1 h1:H5DkEtf6CXdFp0N0Em5UCwQpXMWke8IA0+lD48awMYo=
github.com/hashicorp/go-multierror v1.1.1/go.mod h1:iw975J/qwKPdAO1clOe2L8331t/9/fmwbPZ6JB6eMoM=
github.com/hpcloud/tail v1.0.0 h1:nfCOvKYfkgYP8hkirhJocXT2+zOD8yUNjXaWfTlyFKI=
github.com/hpcloud/tail v1.0.0/go.mod h1:ab1qPbhIpdTxEkNHXyeSf5vhxWSCs/tWer42PpOxQnU=
github.com/iancoleman/strcase v0.3.0 h1:nTXanmYxhfFAMjZL34Ov6gkzEsSJZ5DbhxWjvSASxEI=
github.com/iancoleman/strcase v0.3.0/go.mod h1:iwCmte+B7n89clKwxIoIXy/HfoL7AsD47ZCWhYzw7ho=
github.com/itchyny/gojq v0.12.17 h1:8av8eGduDb5+rvEdaOO+zQUjA04MS0m3Ps8HiD+fceg=
github.com/itchyny/timefmt-go v0.1.6 h1:ia3s54iciXDdzWzwaVKXZPbiXzxxnv1SPGFfM/myJ5Q=
github.com/jeandeaual/go-locale v0.0.0-20241217141322-fcc2cadd6f08 h1:wMeVzrPO3mfHIWLZtDcSaGAe2I4PW9B/P5nMkRSwCAc=
github.com/jeandeaual/go-locale v0.0.0-20241217141322-fcc2cadd6f08/go.mod h1:ZDXo8KHryOWSIqnsb/CiDq7hQUYryCgdVnxbj8tDG7o=
github.com/jinzhu/copier v0.4.0 h1:w3ciUoD19shMCRargcpm0cm91ytaBhDvuRpz1ODO/U8=
github.com/jinzhu/copier v0.4.0/go.mod h1:DfbEm0FYsaqBcKcFuvmOZb218JkPGtvSHsKg8S8hyyg=
github.com/jinzhu/inflection v1.0.0 h1:K317FqzuhWc8YvSVlFMCCUb36O/S9MCKRDI7QkRKD/E=
github.com/jinzhu/inflection v1.0.0/go.mod h1:h+uFLlag+Qp1Va5pdKtLDYj+kHp5pxUVkryuEj+Srlc=
github.com/jinzhu/now v1.1.5 h1:/o9tlHleP7gOFmsnYNz3RGnqzefHA47wQpKrrdTIwXQ=
github.com/jinzhu/now v1.1.5/go.mod h1:d3SSVoowX0Lcu0IBviAWJpolVfI5UJVZZ7cO71lE/z8=
github.com/jlaffaye/ftp v0.2.0 h1:lXNvW7cBu7R/68bknOX3MrRIIqZ61zELs1P2RAiA3lg=
github.com/jlaffaye/ftp v0.2.0/go.mod h1:is2Ds5qkhceAPy2xD6RLI6hmp/qysSoymZ+Z2uTnspI=
github.com/json-iterator/go v1.1.12 h1:PV8peI4a0ysnczrg+LtxykD8LfKY9ML6u2jnxaEnrnM=
github.com/json-iterator/go v1.1.12/go.mod h1:e30LSqwooZae/UwlEbR2852Gd8hjQvJoHmT4TnhNGBo=
github.com/jsummers/gobmp v0.0.0-20230614200233-a9de23ed2e25 h1:YLvr1eE6cdCqjOe972w/cYF+FjW34v27+9Vo5106B4M=
github.com/jsummers/gobmp v0.0.0-20230614200233-a9de23ed2e25/go.mod h1:kLgvv7o6UM+0QSf0QjAse3wReFDsb9qbZJdfexWlrQw=
github.com/kevinburke/ssh_config v1.2.0 h1:x584FjTGwHzMwvHx18PXxbBVzfnxogHaAReU4gf13a4=
github.com/kevinburke/ssh_config v1.2.0/go.mod h1:CT57kijsi8u/K/BOFA39wgDQJ9CxiF4nAY/ojJ6r6mM=
github.com/klauspost/compress v1.18.0 h1:c/Cqfb0r+Yi+JtIEq73FWXVkRonBlf0CRNYc8Zttxdo=
github.com/kopoli/go-terminal-size v0.0.0-20170219200355-5c97524c8b54 h1:0SMHxjkLKNawqUjjnMlCtEdj6uWZjv0+qDZ3F6GOADI=
github.com/kopoli/go-terminal-size v0.0.0-20170219200355-5c97524c8b54/go.mod h1:bm7MVZZvHQBfqHG5X59jrRE/3ak6HvK+/Zb6aZhLR2s=
github.com/kr/pretty v0.1.0/go.mod h1:dAy3ld7l9f0ibDNOQOHHMYYIIbhfbHSm3C4ZsoJORNo=
github.com/kr/pretty v0.3.1 h1:flRD4NNwYAUpkphVc1HcthR4KEIFJ65n8Mw5qdRn3LE=
github.com/kr/pretty v0.3.1/go.mod h1:hoEshYVHaxMs3cyo3Yncou5ZscifuDolrwPKZanG3xk=
github.com/kr/pty v1.1.1/go.mod h1:pFQYn66WHrOpPYNljwOMqo10TkYh1fy3cYio2l3bCsQ=
github.com/kr/text v0.1.0/go.mod h1:4Jbv+DJW3UT/LiOwJeYQe1efqtUx/iVham/4vfdArNI=
github.com/kr/text v0.2.0 h1:5Nx0Ya0ZqY2ygV366QzturHI13Jq95ApcVaJBhpS+AY=
github.com/kr/text v0.2.0/go.mod h1:eLer722TekiGuMkidMxC/pM04lWEeraHUUmBw8l2grE=
github.com/kylelemons/godebug v1.1.0 h1:RPNrshWIDI6G2gRW9EHilWtl7Z6Sb1BR0xunSBf0SNc=
github.com/labstack/echo v3.3.10+incompatible h1:pGRcYk231ExFAyoAjAfD85kQzRJCRI8bbnE7CX5OEgg=
github.com/labstack/echo v3.3.10+incompatible/go.mod h1:0INS7j/VjnFxD4E2wkz67b8cVwCLbBmJyDaka6Cmk1s=
github.com/labstack/gommon v0.4.2 h1:F8qTUNXgG1+6WQmqoUWnz8WiEU60mXVVw0P4ht1WRA0=
github.com/landlock-lsm/go-landlock v0.0.0-20250303204525-1544bccde3a3 h1:zcMi8R8vP0WrrXlFMNUBpDy/ydo3sTnCcUPowq1XmSc=
github.com/landlock-lsm/go-landlock v0.0.0-20250303204525-1544bccde3a3/go.mod h1:RSub3ourNF8Hf+swvw49Catm3s7HVf4hzdFxDUnEzdA=
github.com/lib/pq v1.10.9 h1:YXG7RB+JIjhP29X+OtkiDnYaXQwpS4JEWq7dtCCRUEw=
github.com/lib/pq v1.10.9/go.mod h1:AlVN5x4E4T544tWzH6hKfbfQvm3HdbOxrmggDNAPY9o=
github.com/lucasb-eyer/go-colorful v1.2.0 h1:1nnpGOrhyZZuNyfu1QjKiUICQ74+3FNCN69Aj6K7nkY=
github.com/lucasb-eyer/go-colorful v1.2.0/go.mod h1:R4dSotOR9KMtayYi1e77YzuveK+i7ruzyGqttikkLy0=
github.com/lufia/plan9stats v0.0.0-20250317134145-8bc96cf8fc35 h1:PpXWgLPs+Fqr325bN2FD2ISlRRztXibcX6e8f5FR5Dc=
github.com/mattn/go-colorable v0.1.14 h1:9A9LHSqF/7dyVVX6g0U9cwm9pG3kP9gSzcuIPHPsaIE=
github.com/mattn/go-isatty v0.0.20 h1:xfD0iDuEKnDkl03q4limB+vH+GxLEtL/jb4xVJSWWEY=
github.com/mattn/go-isatty v0.0.20/go.mod h1:W+V8PltTTMOvKvAeJH7IuucS94S2C6jfK/D7dTCTo3Y=
github.com/mattn/go-runewidth v0.0.12/go.mod h1:RAqKPSqVFrSLVXbA8x7dzmKdmGzieGRCM46jaSJTDAk=
github.com/mattn/go-runewidth v0.0.16 h1:E5ScNMtiwvlvB5paMFdw9p4kSQzbXFikJ5SQO6TULQc=
github.com/mattn/go-runewidth v0.0.16/go.mod h1:Jdepj2loyihRzMpdS35Xk/zdY8IAYHsh153qUoGf23w=
github.com/mhale/smtpd v0.8.3 h1:8j8YNXajksoSLZja3HdwvYVZPuJSqAxFsib3adzRRt8=
github.com/mhale/smtpd v0.8.3/go.mod h1:MQl+y2hwIEQCXtNhe5+55n0GZOjSmeqORDIXbqUL3x4=
github.com/modern-go/concurrent v0.0.0-20180228061459-e0a39a4cb421/go.mod h1:6dJC0mAP4ikYIbvyc7fijjWJddQyLn8Ig3JB5CqoB9Q=
github.com/modern-go/concurrent v0.0.0-20180306012644-bacd9c7ef1dd h1:TRLaZ9cD/w8PVh93nsPXa1VrQ6jlwL5oN8l14QlcNfg=
github.com/modern-go/concurrent v0.0.0-20180306012644-bacd9c7ef1dd/go.mod h1:6dJC0mAP4ikYIbvyc7fijjWJddQyLn8Ig3JB5CqoB9Q=
github.com/modern-go/reflect2 v1.0.2 h1:xBagoLtFs94CBntxluKeaWgTMpvLxC4ur3nMaC9Gz0M=
github.com/modern-go/reflect2 v1.0.2/go.mod h1:yWuevngMOJpCy52FWWMvUC8ws7m/LJsjYzDa0/r8luk=
github.com/mrz1836/postmark v1.7.3 h1:Z5j95uN0z0Mmh67XYOrFxWFI8exZPbYgTHsvXFD0Idk=
github.com/mrz1836/postmark v1.7.3/go.mod h1:6z5MxAH00Kj44owtQaryv9Pbqp5OKT3wWcRSydB0p0A=
github.com/mschoch/smat v0.2.0 h1:8imxQsjDm8yFEAVBe7azKmKSgzSkZXDuKkSq9374khM=
github.com/mschoch/smat v0.2.0/go.mod h1:kc9mz7DoBKqDyiRL7VZN8KvXQMWeTaVnttLRXOlotKw=
github.com/muesli/reflow v0.3.0 h1:IFsN6K9NfGtjeggFP+68I4chLZV2yIKsXJFNZ+eWh6s=
github.com/muesli/reflow v0.3.0/go.mod h1:pbwTDkVPibjO2kyvBQRBxTWEEGDGq0FlB1BIKtnHY/8=
github.com/munnerz/goautoneg v0.0.0-20191010083416-a7dc8b61c822 h1:C3w9PqII01/Oq1c1nUAm88MOHcQC9l5mIlSMApZMrHA=
github.com/ncruces/go-strftime v0.1.9 h1:bY0MQC28UADQmHmaF5dgpLmImcShSi2kHU9XLdhx/f4=
github.com/nfnt/resize v0.0.0-20180221191011-83c6a9932646 h1:zYyBkD/k9seD2A7fsi6Oo2LfFZAehjjQMERAvZLEDnQ=
github.com/nfnt/resize v0.0.0-20180221191011-83c6a9932646/go.mod h1:jpp1/29i3P1S/RLdc7JQKbRpFeM1dOBd8T9ki5s+AY8=
github.com/nicksnyder/go-i18n/v2 v2.5.1 h1:IxtPxYsR9Gp60cGXjfuR/llTqV8aYMsC472zD0D1vHk=
github.com/nicksnyder/go-i18n/v2 v2.5.1/go.mod h1:DrhgsSDZxoAfvVrBVLXoxZn/pN5TXqaDbq7ju94viiQ=
github.com/pelletier/go-toml/v2 v2.2.4 h1:mye9XuhQ6gvn5h28+VilKrrPoQVanw5PMw/TB0t5Ec4=
github.com/pelletier/go-toml/v2 v2.2.4/go.mod h1:2gIqNv+qfxSVS7cM2xJQKtLSTLUE9V8t9Stt+h56mCY=
github.com/pjbgf/sha1cd v0.4.0 h1:NXzbL1RvjTUi6kgYZCX3fPwwl27Q1LJndxtUDVfJGRY=
github.com/pkg/profile v1.7.0 h1:hnbDkaNWPCLMO9wGLdBFTIZvzDrDfBM2072E1S9gJkA=
github.com/pkg/profile v1.7.0/go.mod h1:8Uer0jas47ZQMJ7VD+OHknK4YDY07LPUC6dEvqDjvNo=
github.com/pkg/term v1.2.0-beta.2.0.20211217091447-1a4a3b719465 h1:J1AQza02ffZ4VP77HnZ5kRyzf6ak1LkjYQutOCdvckI=
github.com/pkg/term v1.2.0-beta.2.0.20211217091447-1a4a3b719465/go.mod h1:E25nymQcrSllhX42Ok8MRm1+hyBdHY0dCeiKZ9jpNGw=
github.com/pmezard/go-difflib v1.0.0 h1:4DBwDE0NGyQoBHbLQYPwSUPoCMWR5BEzIk/f1lZbAQM=
github.com/pmezard/go-difflib v1.0.0/go.mod h1:iKH77koFhYxTK1pcRnkKkqfTogsbg7gZNVY4sRDYZ/4=
github.com/power-devops/perfstat v0.0.0-20240221224432-82ca36839d55 h1:o4JXh1EVt9k/+g42oCprj/FisM4qX9L3sZB3upGN2ZU=
github.com/prometheus/client_golang v1.22.0 h1:rb93p9lokFEsctTys46VnV1kLCDpVZ0a/Y92Vm0Zc6Q=
github.com/prometheus/client_model v0.6.2 h1:oBsgwpGs7iVziMvrGhE53c/GrLUsZdHnqNwqPLxwZyk=
github.com/prometheus/common v0.65.0 h1:QDwzd+G1twt//Kwj/Ww6E9FQq1iVMmODnILtW1t2VzE=
github.com/prometheus/procfs v0.17.0 h1:FuLQ+05u4ZI+SS/w9+BWEM2TXiHKsUQ9TADiRH7DuK0=
github.com/refaktor/go-peg v0.0.0-20250317092442-5acc59396305 h1:Pvc5OuAXVgfWf3z2FF/vusguM+Bo9UFD4//OULx/4PU=
github.com/refaktor/keyboard v0.0.0-20250327232248-edb0b31909c4 h1:hNN6Jy+4lzf4k4M9c/O4UygG9cooW520argkmsAs+Ho=
github.com/refaktor/keyboard v0.0.0-20250327232248-edb0b31909c4/go.mod h1:GwFCpZSiID9sqQ9Zm0tCmw8eeI9hThLQ7pv1wcTp0I0=
github.com/refaktor/rye v0.0.82-0.20250712095909-bf7dc34aa7be h1:X71TN9LUE7NklXr5mqf7KpDGMovNWFICp8F2nj3gWJM=
github.com/refaktor/rye v0.0.82-0.20250712095909-bf7dc34aa7be/go.mod h1:8H6bsfT5DAaS9GEQyx+HzghrKMOTrcFbB3aQsf8zP28=
github.com/remyoudompheng/bigfft v0.0.0-20230129092748-24d4a6f8daec h1:W09IVJc94icq4NjY3clb7Lk8O1qJ8BdBEF8z0ibU0rE=
github.com/remyoudompheng/bigfft v0.0.0-20230129092748-24d4a6f8daec/go.mod h1:qqbHyh8v60DhA7CoWK5oRCqLrMHRGoxYCSS9EjAz6Eo=
github.com/richardlehane/mscfb v1.0.4 h1:WULscsljNPConisD5hR0+OyZjwK46Pfyr6mPu5ZawpM=
github.com/richardlehane/mscfb v1.0.4/go.mod h1:YzVpcZg9czvAuhk9T+a3avCpcFPMUWm7gK3DypaEsUk=
github.com/richardlehane/msoleps v1.0.1/go.mod h1:BWev5JBpU9Ko2WAgmZEuiz4/u3ZYTKbjLycmwiWUfWg=
github.com/richardlehane/msoleps v1.0.4 h1:WuESlvhX3gH2IHcd8UqyCuFY5yiq/GR/yqaSM/9/g00=
github.com/richardlehane/msoleps v1.0.4/go.mod h1:BWev5JBpU9Ko2WAgmZEuiz4/u3ZYTKbjLycmwiWUfWg=
github.com/rivo/uniseg v0.1.0/go.mod h1:J6wj4VEh+S6ZtnVlnTBMWIodfgj8LQOQFoIToxlJtxc=
github.com/rivo/uniseg v0.2.0/go.mod h1:J6wj4VEh+S6ZtnVlnTBMWIodfgj8LQOQFoIToxlJtxc=
github.com/rivo/uniseg v0.4.3/go.mod h1:FN3SvrM+Zdj16jyLfmOkMNblXMcoc8DfTHruCPUcx88=
github.com/rivo/uniseg v0.4.7 h1:WUdvkW8uEhrYfLC4ZzdpI2ztxP1I582+49Oc5Mq64VQ=
github.com/rivo/uniseg v0.4.7/go.mod h1:FN3SvrM+Zdj16jyLfmOkMNblXMcoc8DfTHruCPUcx88=
github.com/rogpeppe/go-internal v1.14.1 h1:UQB4HGPB6osV0SQTLymcB4TgvyWu6ZyliaW0tI/otEQ=
github.com/rogpeppe/go-internal v1.14.1/go.mod h1:MaRKkUm5W0goXpeCfT7UZI6fk/L7L7so1lCWt35ZSgc=
github.com/rymdport/portal v0.4.1 h1:2dnZhjf5uEaeDjeF/yBIeeRo6pNI2QAKm7kq1w/kbnA=
github.com/rymdport/portal v0.4.1/go.mod h1:kFF4jslnJ8pD5uCi17brj/ODlfIidOxlgUDTO5ncnC4=
github.com/sashabaranov/go-openai v1.40.5 h1:SwIlNdWflzR1Rxd1gv3pUg6pwPc6cQ2uMoHs8ai+/NY=
github.com/sebdah/goldie/v2 v2.5.5 h1:rx1mwF95RxZ3/83sdS4Yp7t2C5TCokvWP4TBRbAyEWY=
github.com/sebdah/goldie/v2 v2.5.5/go.mod h1:oZ9fp0+se1eapSRjfYbsV/0Hqhbuu3bJVvKI/NNtssI=
github.com/sergi/go-diff v1.4.0 h1:n/SP9D5ad1fORl+llWyN+D6qoUETXNZARKjyY2/KVCw=
github.com/sergi/go-diff v1.4.0/go.mod h1:A0bzQcvG0E7Rwjx0REVgAGH58e96+X0MeOfepqsbeW4=
github.com/shirou/gopsutil/v3 v3.24.5 h1:i0t8kL+kQTvpAYToeuiVk3TgDeKOFioZO3Ztz/iZ9pI=
github.com/shirou/gopsutil/v3 v3.24.5/go.mod h1:bsoOS1aStSs9ErQ1WWfxllSeS1K5D+U30r2NfcubMVk=
github.com/shoenig/go-m1cpu v0.1.6 h1:nxdKQNcEB6vzgA2E2bvzKIYRuNj7XNJ4S/aRSwKzFtM=
github.com/shoenig/go-m1cpu v0.1.6/go.mod h1:1JJMcUBvfNwpq05QDQVAnx3gUHr9IYF7GNg9SUEw2VQ=
github.com/shoenig/test v0.6.4 h1:kVTaSd7WLz5WZ2IaoM0RSzRsUD+m8wRR+5qvntpn4LU=
github.com/shoenig/test v0.6.4/go.mod h1:byHiCGXqrVaflBLAMq/srcZIHynQPQgeyvkvXnjqq0k=
github.com/srwiley/oksvg v0.0.0-20221011165216-be6e8873101c h1:km8GpoQut05eY3GiYWEedbTT0qnSxrCjsVbb7yKY1KE=
github.com/srwiley/oksvg v0.0.0-20221011165216-be6e8873101c/go.mod h1:cNQ3dwVJtS5Hmnjxy6AgTPd0Inb3pW05ftPSX7NZO7Q=
github.com/srwiley/rasterx v0.0.0-20220730225603-2ab79fcdd4ef h1:Ch6Q+AZUxDBCVqdkI8FSpFyZDtCVBc2VmejdNrm5rRQ=
github.com/srwiley/rasterx v0.0.0-20220730225603-2ab79fcdd4ef/go.mod h1:nXTWP6+gD5+LUJ8krVhhoeHjvHTutPxMYl5SvkcnJNE=
github.com/stretchr/objx v0.1.0/go.mod h1:HFkY916IF+rwdDfMAkV7OtwuqBVzrE8GR6GFx+wExME=
github.com/stretchr/testify v1.3.0/go.mod h1:M5WIy9Dh21IEIfnGCwXGc5bZfKNJtfHm1UVUgZn+9EI=
github.com/stretchr/testify v1.4.0/go.mod h1:j7eGeouHqKxXV5pUuKE4zz7dFj8WfuZ+81PSLYec5m4=
github.com/stretchr/testify v1.7.0/go.mod h1:6Fq8oRcR53rry900zMqJjRRixrwX3KX962/h/Wwjteg=
github.com/stretchr/testify v1.10.0 h1:Xv5erBjTwe/5IxqUQTdXv5kgmIvbHo3QQyRwhJsOfJA=
github.com/stretchr/testify v1.10.0/go.mod h1:r2ic/lqez/lEtzL7wO/rwa5dbSLXVDPFyf8C91i36aY=
github.com/technoweenie/multipartstreamer v1.0.1 h1:XRztA5MXiR1TIRHxH2uNxXxaIkKQDeX7m2XsSOlQEnM=
github.com/technoweenie/multipartstreamer v1.0.1/go.mod h1:jNVxdtShOxzAsukZwTSw6MDx5eUJoiEBsSvzDU9uzog=
github.com/thomasberger/parsemail v1.2.7 h1:UIgLPPDFb2Sc4FT168i6yinw48vzezkqXiXOTrBlkwo=
github.com/thomasberger/parsemail v1.2.7/go.mod h1:tdLcf4AbEDI3JuognWe7Xun8x/ZKVSQxf9hsQReCS8E=
github.com/tiendc/go-deepcopy v1.6.1 h1:uVRTItFeNHkMcLueHS7OCsxgxT9P8MzGB/taUa2Y4Tk=
github.com/tklauser/go-sysconf v0.3.15 h1:VE89k0criAymJ/Os65CSn1IXaol+1wrsFHEB8Ol49K4=
github.com/tklauser/numcpus v0.10.0 h1:18njr6LDBk1zuna922MgdjQuJFjrdppsZG60sHGfjso=
github.com/valyala/bytebufferpool v1.0.0 h1:GqA5TC/0021Y/b9FG4Oi9Mr3q7XYx6KllzawFIhcdPw=
github.com/valyala/bytebufferpool v1.0.0/go.mod h1:6bBcMArwyJ5K/AmCkWv1jt77kVWyCJ6HpOuEn7z0Csc=
github.com/valyala/fasttemplate v1.2.2 h1:lxLXG0uE3Qnshl9QyaK6XJxMXlQZELvChBOCmQD0Loo=
github.com/valyala/fasttemplate v1.2.2/go.mod h1:KHLXt3tVN2HBp8eijSv/kGJopbvo7S+qRAEEKiv+SiQ=
github.com/xuri/efp v0.0.1 h1:fws5Rv3myXyYni8uwj2qKjVaRP30PdjeYe2Y6FDsCL8=
github.com/xuri/excelize/v2 v2.9.1 h1:VdSGk+rraGmgLHGFaGG9/9IWu1nj4ufjJ7uwMDtj8Qw=
github.com/xuri/nfp v0.0.1 h1:MDamSGatIvp8uOmDP8FnmjuQpu90NzdJxo7242ANR9Q=
github.com/yhirose/go-peg v0.0.0-20210804202551-de25d6753cf1 h1:7iTmQ0lZwTtfm4XMgP5ezzWMDCjo7GTS0ZgCj6jpVzM=
github.com/yhirose/go-peg v0.0.0-20210804202551-de25d6753cf1/go.mod h1:q2QWLflHsZxT6ixYcXveTYicEvxGh5Uv6CnI7f7BfjQ=
github.com/yuin/goldmark v1.4.13/go.mod h1:6yULJ656Px+3vBD8DxQVa3kxgyrAnzto9xy5taEt/CY=
github.com/yuin/goldmark v1.7.12 h1:YwGP/rrea2/CnCtUHgjuolG/PnMxdQtPMO5PvaE2/nY=
github.com/yusufpapurcu/wmi v1.2.4 h1:zFUKzehAFReQwLys1b/iSMl+JQGSCSjtVqQn9bBrPo0=
github.com/yusufpapurcu/wmi v1.2.4/go.mod h1:SBZ9tNy3G9/m5Oi98Zks0QjeHVDvuK0qfxQmPyzfmi0=
go.etcd.io/bbolt v1.4.2 h1:IrUHp260R8c+zYx/Tm8QZr04CX+qWS5PGfPdevhdm1I=
go.mongodb.org/mongo-driver v1.17.4 h1:jUorfmVzljjr0FLzYQsGP8cgN/qzzxlY9Vh0C9KFXVw=
goji.io v2.0.2+incompatible h1:uIssv/elbKRLznFUy3Xj4+2Mz/qKhek/9aZQDUMae7c=
goji.io v2.0.2+incompatible/go.mod h1:sbqFwrtqZACxLBTQcdgVjFh54yGVCvwq8+w49MVMMIk=
golang.org/x/crypto v0.0.0-20190308221718-c2843e01d9a2/go.mod h1:djNgcEr1/C05ACkg1iLfiJU5Ep61QUkGW8qpdssI0+w=
golang.org/x/crypto v0.0.0-20210921155107-089bfa567519/go.mod h1:GvvjBRRGRdwPK5ydBHafDWAxML/pGHZbMvKqRZ5+Abc=
golang.org/x/crypto v0.13.0/go.mod h1:y6Z2r+Rw4iayiXXAIxJIDAJ1zMW4yaTpebo8fPOliYc=
golang.org/x/crypto v0.19.0/go.mod h1:Iy9bg/ha4yyC70EfRS8jz+B6ybOBKMaSxLj6P6oBDfU=
golang.org/x/crypto v0.23.0/go.mod h1:CKFgDieR+mRhux2Lsu27y0fO304Db0wZe70UKqHu0v8=
golang.org/x/crypto v0.40.0 h1:r4x+VvoG5Fm+eJcxMaY8CQM7Lb0l1lsmjGBQ6s8BfKM=
golang.org/x/crypto v0.40.0/go.mod h1:Qr1vMER5WyS2dfPHAlsOj01wgLbsyWtFn/aY+5+ZdxY=
golang.org/x/exp v0.0.0-20250718183923-645b1fa84792 h1:R9PFI6EUdfVKgwKjZef7QIwGcBKu86OEFpJ9nUEP2l4=
golang.org/x/image v0.29.0 h1:HcdsyR4Gsuys/Axh0rDEmlBmB68rW1U9BUdB3UVHsas=
golang.org/x/mod v0.6.0-dev.0.20220419223038-86c51ed26bb4/go.mod h1:jJ57K6gSWd91VN4djpZkiMVwK6gcyfeH4XE8wZrZaV4=
golang.org/x/mod v0.8.0/go.mod h1:iBbtSCu2XBx23ZKBPSOrRkjjQPZFPuis4dIYUhu/chs=
golang.org/x/mod v0.12.0/go.mod h1:iBbtSCu2XBx23ZKBPSOrRkjjQPZFPuis4dIYUhu/chs=
golang.org/x/mod v0.15.0/go.mod h1:hTbmBsO62+eylJbnUtE2MGJUyE7QWk4xUqPFrRgJ+7c=
golang.org/x/mod v0.17.0/go.mod h1:hTbmBsO62+eylJbnUtE2MGJUyE7QWk4xUqPFrRgJ+7c=
golang.org/x/mod v0.26.0 h1:EGMPT//Ezu+ylkCijjPc+f4Aih7sZvaAr+O3EHBxvZg=
golang.org/x/mod v0.26.0/go.mod h1:/j6NAhSk8iQ723BGAUyoAcn7SlD7s15Dp9Nd/SfeaFQ=
golang.org/x/net v0.0.0-20190620200207-3b0461eec859/go.mod h1:z5CRVTTTmAJ677TzLLGU+0bjPO0LkuOLi4/5GtJWs/s=
golang.org/x/net v0.0.0-20210226172049-e18ecbb05110/go.mod h1:m0MpNAwzfU5UDzcl9v0D8zg8gWTRqZa9RBIspLL5mdg=
golang.org/x/net v0.0.0-20220722155237-a158d28d115b/go.mod h1:XRhObCWvk6IyKnWLug+ECip1KBveYUHfp+8e9klMJ9c=
golang.org/x/net v0.6.0/go.mod h1:2Tu9+aMcznHK/AK1HMvgo6xiTLG5rD5rZLDS+rp2Bjs=
golang.org/x/net v0.10.0/go.mod h1:0qNGK6F8kojg2nk9dLZ2mShWaEBan6FAoqfSigmmuDg=
golang.org/x/net v0.15.0/go.mod h1:idbUs1IY1+zTqbi8yxTbhexhEEk5ur9LInksu6HrEpk=
golang.org/x/net v0.21.0/go.mod h1:bIjVDfnllIU7BJ2DNgfnXvpSvtn8VRwhlsaeUTyUS44=
golang.org/x/net v0.25.0/go.mod h1:JkAGAh7GEvH74S6FOH42FLoXpXbE/aqXSrIQjXgsiwM=
golang.org/x/net v0.42.0 h1:jzkYrhi3YQWD6MLBJcsklgQsoAcw89EcZbJw8Z614hs=
golang.org/x/net v0.42.0/go.mod h1:FF1RA5d3u7nAYA4z2TkclSCKh68eSXtiFwcWQpPXdt8=
golang.org/x/sync v0.0.0-20190423024810-112230192c58/go.mod h1:RxMgew5VJxzue5/jJTE5uejpjVlOe/izrB70Jof72aM=
golang.org/x/sync v0.0.0-20220722155255-886fb9371eb4/go.mod h1:RxMgew5VJxzue5/jJTE5uejpjVlOe/izrB70Jof72aM=
golang.org/x/sync v0.1.0/go.mod h1:RxMgew5VJxzue5/jJTE5uejpjVlOe/izrB70Jof72aM=
golang.org/x/sync v0.3.0/go.mod h1:FU7BRWz2tNW+3quACPkgCx/L+uEAv1htQ0V83Z9Rj+Y=
golang.org/x/sync v0.6.0/go.mod h1:Czt+wKu1gCyEFDUtn0jG5QVvpJ6rzVqr5aXyt9drQfk=
golang.org/x/sync v0.7.0/go.mod h1:Czt+wKu1gCyEFDUtn0jG5QVvpJ6rzVqr5aXyt9drQfk=
golang.org/x/sync v0.10.0/go.mod h1:Czt+wKu1gCyEFDUtn0jG5QVvpJ6rzVqr5aXyt9drQfk=
golang.org/x/sync v0.16.0 h1:ycBJEhp9p4vXvUZNszeOq0kGTPghopOL8q0fq3vstxw=
golang.org/x/sync v0.16.0/go.mod h1:1dzgHSNfp02xaA81J2MS99Qcpr2w7fw1gpm99rleRqA=
golang.org/x/sys v0.0.0-20190215142949-d0b11bdaac8a/go.mod h1:STP8DvDyc/dI5b8T5hshtkjS+E42TnysNCUPdjciGhY=
golang.org/x/sys v0.0.0-20190916202348-b4ddaad3f8a3/go.mod h1:h1NjWce9XRLGQEsW7wpKNCjG9DtNlClVuFLEZdDNbEs=
golang.org/x/sys v0.0.0-20200909081042-eff7692f9009/go.mod h1:h1NjWce9XRLGQEsW7wpKNCjG9DtNlClVuFLEZdDNbEs=
golang.org/x/sys v0.0.0-20201119102817-f84b799fce68/go.mod h1:h1NjWce9XRLGQEsW7wpKNCjG9DtNlClVuFLEZdDNbEs=
golang.org/x/sys v0.0.0-20201204225414-ed752295db88/go.mod h1:h1NjWce9XRLGQEsW7wpKNCjG9DtNlClVuFLEZdDNbEs=
golang.org/x/sys v0.0.0-20210615035016-665e8c7367d1/go.mod h1:oPkhp1MJrh7nUepCBck5+mAzfO9JrbApNNgaTdGDITg=
golang.org/x/sys v0.0.0-20220520151302-bc2c85ada10a/go.mod h1:oPkhp1MJrh7nUepCBck5+mAzfO9JrbApNNgaTdGDITg=
golang.org/x/sys v0.0.0-20220722155257-8c9f86f7a55f/go.mod h1:oPkhp1MJrh7nUepCBck5+mAzfO9JrbApNNgaTdGDITg=
golang.org/x/sys v0.5.0/go.mod h1:oPkhp1MJrh7nUepCBck5+mAzfO9JrbApNNgaTdGDITg=
golang.org/x/sys v0.6.0/go.mod h1:oPkhp1MJrh7nUepCBck5+mAzfO9JrbApNNgaTdGDITg=
golang.org/x/sys v0.8.0/go.mod h1:oPkhp1MJrh7nUepCBck5+mAzfO9JrbApNNgaTdGDITg=
golang.org/x/sys v0.12.0/go.mod h1:oPkhp1MJrh7nUepCBck5+mAzfO9JrbApNNgaTdGDITg=
golang.org/x/sys v0.17.0/go.mod h1:/VUhepiaJMQUp4+oa/7Zr1D23ma6VTLIYjOOTFZPUcA=
golang.org/x/sys v0.20.0/go.mod h1:/VUhepiaJMQUp4+oa/7Zr1D23ma6VTLIYjOOTFZPUcA=
golang.org/x/sys v0.29.0/go.mod h1:/VUhepiaJMQUp4+oa/7Zr1D23ma6VTLIYjOOTFZPUcA=
golang.org/x/sys v0.34.0 h1:H5Y5sJ2L2JRdyv7ROF1he/lPdvFsd0mJHFw2ThKHxLA=
golang.org/x/sys v0.34.0/go.mod h1:BJP2sWEmIv4KK5OTEluFJCKSidICx8ciO85XgH3Ak8k=
golang.org/x/telemetry v0.0.0-20240228155512-f48c80bd79b2/go.mod h1:TeRTkGYfJXctD9OcfyVLyj2J3IxLnKwHJR8f4D8a3YE=
golang.org/x/term v0.0.0-20201126162022-7de9c90e9dd1/go.mod h1:bj7SfCRtBDWHUb9snDiAeCFNEtKQo2Wmx5Cou7ajbmo=
golang.org/x/term v0.0.0-20210927222741-03fcf44c2211/go.mod h1:jbD1KX2456YbFQfuXm/mYQcufACuNUgVhRMnK/tPxf8=
golang.org/x/term v0.5.0/go.mod h1:jMB1sMXY+tzblOD4FWmEbocvup2/aLOaQEp7JmGp78k=
golang.org/x/term v0.8.0/go.mod h1:xPskH00ivmX89bAKVGSKKtLOWNx2+17Eiy94tnKShWo=
golang.org/x/term v0.12.0/go.mod h1:owVbMEjm3cBLCHdkQu9b1opXd4ETQWc3BhuQGKgXgvU=
golang.org/x/term v0.17.0/go.mod h1:lLRBjIVuehSbZlaOtGMbcMncT+aqLLLmKrsjNrUguwk=
golang.org/x/term v0.20.0/go.mod h1:8UkIAJTvZgivsXaD6/pH6U9ecQzZ45awqEOzuCvwpFY=
golang.org/x/term v0.28.0/go.mod h1:Sw/lC2IAUZ92udQNf3WodGtn4k/XoLyZoh8v/8uiwek=
golang.org/x/term v0.33.0 h1:NuFncQrRcaRvVmgRkvM3j/F00gWIAlcmlB8ACEKmGIg=
golang.org/x/term v0.33.0/go.mod h1:s18+ql9tYWp1IfpV9DmCtQDDSRBUjKaw9M1eAv5UeF0=
golang.org/x/text v0.3.0/go.mod h1:NqM8EUOU14njkJ3fqMW+pc6Ldnwhi/IjpwHt7yyuwOQ=
golang.org/x/text v0.3.3/go.mod h1:5Zoc/QRtKVWzQhOtBMvqHzDpF6irO9z98xDceosuGiQ=
golang.org/x/text v0.3.7/go.mod h1:u+2+/6zg+i71rQMx5EYifcz6MCKuco9NR6JIITiCfzQ=
golang.org/x/text v0.7.0/go.mod h1:mrYo+phRRbMaCq/xk9113O4dZlRixOauAjOtrjsXDZ8=
golang.org/x/text v0.9.0/go.mod h1:e1OnstbJyHTd6l/uOt8jFFHp6TRDWZR/bV3emEE/zU8=
golang.org/x/text v0.13.0/go.mod h1:TvPlkZtksWOMsz7fbANvkp4WM8x/WCo/om8BMLbz+aE=
golang.org/x/text v0.14.0/go.mod h1:18ZOQIKpY8NJVqYksKHtTdi31H5itFRjB5/qKTNYzSU=
golang.org/x/text v0.15.0/go.mod h1:18ZOQIKpY8NJVqYksKHtTdi31H5itFRjB5/qKTNYzSU=
golang.org/x/text v0.21.0/go.mod h1:4IBbMaMmOPCJ8SecivzSH54+73PCFmPWxNTLm+vZkEQ=
golang.org/x/text v0.27.0 h1:4fGWRpyh641NLlecmyl4LOe6yDdfaYNrGb2zdfo4JV4=
golang.org/x/text v0.27.0/go.mod h1:1D28KMCvyooCX9hBiosv5Tz/+YLxj0j7XhWjpSUF7CU=
golang.org/x/tools v0.0.0-20180917221912-90fa682c2a6e/go.mod h1:n7NCudcB/nEzxVGmLbDWY5pfWTLqBcC2KZ6jyYvM4mQ=
golang.org/x/tools v0.0.0-20191119224855-298f0cb1881e/go.mod h1:b+2E5dAYhXwXZwtnZ6UAqBI28+e2cm9otk0dWdXHAEo=
golang.org/x/tools v0.1.12/go.mod h1:hNGJHUnrk76NpqgfD5Aqm5Crs+Hm0VOH/i9J2+nxYbc=
golang.org/x/tools v0.6.0/go.mod h1:Xwgl3UAJ/d3gWutnCtw505GrjyAbvKui8lOU390QaIU=
golang.org/x/tools v0.13.0/go.mod h1:HvlwmtVNQAhOuCjW7xxvovg8wbNq7LwfXh/k7wXUl58=
golang.org/x/tools v0.21.1-0.20240508182429-e35e4ccd0d2d/go.mod h1:aiJjzUbINMkxbQROHiO6hDPo2LHcIPhhQsa9DLh0yGk=
golang.org/x/tools v0.35.0 h1:mBffYraMEf7aa0sB+NuKnuCy8qI/9Bughn8dC2Gu5r0=
golang.org/x/tools v0.35.0/go.mod h1:NKdj5HkL/73byiZSJjqJgKn3ep7KjFkBOkR/Hps3VPw=
golang.org/x/xerrors v0.0.0-20190717185122-a985d3407aa7/go.mod h1:I/5z698sn9Ka8TeJc9MKroUUfqBBauWjQqLJ2OPfmY0=
google.golang.org/protobuf v1.36.6 h1:z1NpPI8ku2WgiWnf+t9wTPsn6eP1L7ksHUlkfLvd9xY=
gopkg.in/alexcesaro/quotedprintable.v3 v3.0.0-20150716171945-2caba252f4dc h1:2gGKlE2+asNV9m7xrywl36YYNnBG5ZQ0r/BOOxqPpmk=
gopkg.in/alexcesaro/quotedprintable.v3 v3.0.0-20150716171945-2caba252f4dc/go.mod h1:m7x9LTH6d71AHyAX77c9yqWCCa3UKHcVEj9y7hAtKDk=
gopkg.in/check.v1 v0.0.0-20161208181325-20d25e280405/go.mod h1:Co6ibVJAznAaIkqp8huTwlJQCZ016jof/cbN4VW5Yz0=
gopkg.in/check.v1 v1.0.0-20190902080502-41f04d3bba15/go.mod h1:Co6ibVJAznAaIkqp8huTwlJQCZ016jof/cbN4VW5Yz0=
gopkg.in/check.v1 v1.0.0-20201130134442-10cb98267c6c h1:Hei/4ADfdWqJk1ZMxUNpqntNwaWcugrBjAiHlqqRiVk=
gopkg.in/check.v1 v1.0.0-20201130134442-10cb98267c6c/go.mod h1:JHkPIbrfpd72SG/EVd6muEfDQjcINNoR0C8j2r3qZ4Q=
gopkg.in/fsnotify.v1 v1.4.7 h1:xOHLXZwVvI9hhs+cLKq5+I5onOuwQLhQwiu63xxlHs4=
gopkg.in/fsnotify.v1 v1.4.7/go.mod h1:Tz8NjZHkW78fSQdbUxIjBTcgA1z1m8ZHf0WmKUhAMys=
gopkg.in/gomail.v2 v2.0.0-20160411212932-81ebce5c23df h1:n7WqCuqOuCbNr617RXOY0AWRXxgwEyPp2z+p0+hgMuE=
gopkg.in/gomail.v2 v2.0.0-20160411212932-81ebce5c23df/go.mod h1:LRQQ+SO6ZHR7tOkpBDuZnXENFzX8qRjMDMyPD6BRkCw=
gopkg.in/tomb.v1 v1.0.0-20141024135613-dd632973f1e7 h1:uRGJdciOHaEIrze2W8Q3AKkepLTh2hOroT7a+7czfdQ=
gopkg.in/tomb.v1 v1.0.0-20141024135613-dd632973f1e7/go.mod h1:dt/ZhP58zS4L8KSrWDmTeBkI65Dw0HsyUHuEVlX15mw=
gopkg.in/yaml.v2 v2.2.2/go.mod h1:hI93XBmqTisBFMUTm0b8Fm+jr3Dg1NNxqwp+5A1VGuI=
gopkg.in/yaml.v2 v2.4.0/go.mod h1:RDklbk79AGWmwhnvt/jBztapEOGDOx6ZbXqjP6csGnQ=
gopkg.in/yaml.v3 v3.0.0-20200313102051-9f266ea9e77c/go.mod h1:K4uyk7z7BCEPqu6E+C64Yfv1cQ7kz7rIZviUmN+EgEM=
gopkg.in/yaml.v3 v3.0.0/go.mod h1:K4uyk7z7BCEPqu6E+C64Yfv1cQ7kz7rIZviUmN+EgEM=
gopkg.in/yaml.v3 v3.0.1 h1:fxVm/GzAzEWqLHuvctI91KS9hhNmmWOoWu0XTYJS7CA=
gopkg.in/yaml.v3 v3.0.1/go.mod h1:K4uyk7z7BCEPqu6E+C64Yfv1cQ7kz7rIZviUmN+EgEM=
gorm.io/gorm v1.30.0 h1:qbT5aPv1UH8gI99OsRlvDToLxW5zR7FzS9acZDOZcgs=
kernel.org/pub/linux/libs/security/libcap/psx v1.2.76 h1:3DyzQ30OHt3wiOZVL1se2g1PAPJIU7+tMUyvfMUj1dY=
modernc.org/cc/v4 v4.26.2 h1:991HMkLjJzYBIfha6ECZdjrIYz2/1ayr+FL8GN+CNzM=
modernc.org/ccgo/v4 v4.28.0 h1:rjznn6WWehKq7dG4JtLRKxb52Ecv8OUGah8+Z/SfpNU=
modernc.org/fileutil v1.3.8 h1:qtzNm7ED75pd1C7WgAGcK4edm4fvhtBsEiI/0NQ54YM=
modernc.org/gc/v2 v2.6.5 h1:nyqdV8q46KvTpZlsw66kWqwXRHdjIlJOhG6kxiV/9xI=
modernc.org/goabi0 v0.2.0 h1:HvEowk7LxcPd0eq6mVOAEMai46V+i7Jrj13t4AzuNks=
modernc.org/libc v1.66.3 h1:cfCbjTUcdsKyyZZfEUKfoHcP3S0Wkvz3jgSzByEWVCQ=
modernc.org/mathutil v1.7.1 h1:GCZVGXdaN8gTqB1Mf/usp1Y/hSqgI2vAGGP4jZMCxOU=
modernc.org/memory v1.11.0 h1:o4QC8aMQzmcwCK3t3Ux/ZHmwFPzE6hf2Y5LbkRs+hbI=
modernc.org/opt v0.1.4 h1:2kNGMRiUjrp4LcaPuLY2PzUfqM/w9N23quVwhKt5Qm8=
modernc.org/sortutil v1.2.1 h1:+xyoGf15mM3NMlPDnFqrteY07klSFxLElE2PVuWIJ7w=
modernc.org/sqlite v1.38.0 h1:+4OrfPQ8pxHKuWG4md1JpR/EYAh3Md7TdejuuzE7EUI=
modernc.org/strutil v1.2.1 h1:UneZBkQA+DX2Rp35KcM69cSsNES9ly8mQWD71HKlOA0=
modernc.org/token v1.1.0 h1:Xl7Ap9dKaEs5kLoOQeQmPWevfnk/DM5qcLcYlA8ys6Y=
mvdan.cc/sh/v3 v3.12.0 h1:ejKUR7ONP5bb+UGHGEG/k9V5+pRVIyD+LsZz7o8KHrI=
software.sslmate.com/src/go-pkcs12 v0.5.0 h1:EC6R394xgENTpZ4RltKydeDUjtlM5drOYIG9c6TVj2M=
software.sslmate.com/src/go-pkcs12 v0.5.0/go.mod h1:Qiz0EyvDRJjjxGyUQa2cCNZn/wMyzrRJ/qcDXOQazLI=
